
Microsoft Visual Studio Solution File, Format Version 12.00
# Visual Studio 14
VisualStudioVersion = 14.0.25420.1
MinimumVisualStudioVersion = 10.0.40219.1
Project("{FAE04EC0-301F-11D3-BF4B-00C04F79EFBC}") = "DBEN.ETM", "DBEN.ETM\DBEN.ETM.csproj", "{D88FA8B9-47F7-41C6-8164-700CD6061140}"
EndProject
Project("{FAE04EC0-301F-11D3-BF4B-00C04F79EFBC}") = "DBEN.ETM.Tests", "DBEN.ETM.Tests\DBEN.ETM.Tests.csproj", "{0227CED0-ED41-43BA-A092-7478DDEB32BE}"
EndProject
Project("{2150E333-8FDC-42A3-9474-1A3956D46DE8}") = "10.Common Plugins", "10.Common Plugins", "{B968271E-D2D9-476D-9F45-C974268F3EF0}"
EndProject
Project("{2150E333-8FDC-42A3-9474-1A3956D46DE8}") = "00.Common Libs", "00.Common Libs", "{66B8005E-130C-47B9-9D00-6738F5BAA270}"
EndProject
Project("{2150E333-8FDC-42A3-9474-1A3956D46DE8}") = "20.ETM", "20.ETM", "{27B50F43-998F-4B51-B16D-55B7C559665B}"
EndProject
Project("{2150E333-8FDC-42A3-9474-1A3956D46DE8}") = "30.Web", "30.Web", "{387277C2-0187-4EFD-B295-ED2ED4840D62}"
EndProject
Project("{2150E333-8FDC-42A3-9474-1A3956D46DE8}") = "40.Test", "40.Test", "{D32AD1D2-15F4-4D8F-BCE8-2698A550CB91}"
EndProject
Project("{FAE04EC0-301F-11D3-BF4B-00C04F79EFBC}") = "DBEN.ETM.Common", "DBEN.ETM.Common\DBEN.ETM.Common.csproj", "{DCD94918-3467-4F87-ADB9-860DED4E44D9}"
EndProject
Project("{FAE04EC0-301F-11D3-BF4B-00C04F79EFBC}") = "Rafy.RBAC", "Rafy.RBAC\Rafy.RBAC.csproj", "{36D80A82-EDE3-4D0D-86D9-10AEA01EAD17}"
EndProject
Global
	GlobalSection(SolutionConfigurationPlatforms) = preSolution
		Debug|Any CPU = Debug|Any CPU
		Release|Any CPU = Release|Any CPU
	EndGlobalSection
	GlobalSection(ProjectConfigurationPlatforms) = postSolution
		{D88FA8B9-47F7-41C6-8164-700CD6061140}.Debug|Any CPU.ActiveCfg = Debug|Any CPU
		{D88FA8B9-47F7-41C6-8164-700CD6061140}.Debug|Any CPU.Build.0 = Debug|Any CPU
		{D88FA8B9-47F7-41C6-8164-700CD6061140}.Release|Any CPU.ActiveCfg = Release|Any CPU
		{D88FA8B9-47F7-41C6-8164-700CD6061140}.Release|Any CPU.Build.0 = Release|Any CPU
		{0227CED0-ED41-43BA-A092-7478DDEB32BE}.Debug|Any CPU.ActiveCfg = Debug|Any CPU
		{0227CED0-ED41-43BA-A092-7478DDEB32BE}.Debug|Any CPU.Build.0 = Debug|Any CPU
		{0227CED0-ED41-43BA-A092-7478DDEB32BE}.Release|Any CPU.ActiveCfg = Release|Any CPU
		{0227CED0-ED41-43BA-A092-7478DDEB32BE}.Release|Any CPU.Build.0 = Release|Any CPU
		{DCD94918-3467-4F87-ADB9-860DED4E44D9}.Debug|Any CPU.ActiveCfg = Debug|Any CPU
		{DCD94918-3467-4F87-ADB9-860DED4E44D9}.Debug|Any CPU.Build.0 = Debug|Any CPU
		{DCD94918-3467-4F87-ADB9-860DED4E44D9}.Release|Any CPU.ActiveCfg = Release|Any CPU
		{DCD94918-3467-4F87-ADB9-860DED4E44D9}.Release|Any CPU.Build.0 = Release|Any CPU
		{36D80A82-EDE3-4D0D-86D9-10AEA01EAD17}.Debug|Any CPU.ActiveCfg = Debug|Any CPU
		{36D80A82-EDE3-4D0D-86D9-10AEA01EAD17}.Debug|Any CPU.Build.0 = Debug|Any CPU
		{36D80A82-EDE3-4D0D-86D9-10AEA01EAD17}.Release|Any CPU.ActiveCfg = Release|Any CPU
		{36D80A82-EDE3-4D0D-86D9-10AEA01EAD17}.Release|Any CPU.Build.0 = Release|Any CPU
	EndGlobalSection
	GlobalSection(SolutionProperties) = preSolution
		HideSolutionNode = FALSE
	EndGlobalSection
	GlobalSection(NestedProjects) = preSolution
		{D88FA8B9-47F7-41C6-8164-700CD6061140} = {387277C2-0187-4EFD-B295-ED2ED4840D62}
		{0227CED0-ED41-43BA-A092-7478DDEB32BE} = {D32AD1D2-15F4-4D8F-BCE8-2698A550CB91}
		{DCD94918-3467-4F87-ADB9-860DED4E44D9} = {66B8005E-130C-47B9-9D00-6738F5BAA270}
		{36D80A82-EDE3-4D0D-86D9-10AEA01EAD17} = {B968271E-D2D9-476D-9F45-C974268F3EF0}
	EndGlobalSection
EndGlobal
